// !$*UTF8*$!
{
	archiveVersion = 1;
	classes = {
	};
	objectVersion = 77;
	objects = {

/* Begin PBXBuildFile section */
		0F821D1E2F0C0A8F002425AE /* IOKit.framework in Frameworks */ = {isa = PBXBuildFile; fileRef = 0F821D1D2F0C0A8F002425AE /* IOKit.framework */; };
		0F821D202F0C0A94002425AE /* AppKit.framework in Frameworks */ = {isa = PBXBuildFile; fileRef = 0F821D1F2F0C0A94002425AE /* AppKit.framework */; };
		0F821D222F0C0A9D002425AE /* CoreFoundation.framework in Frameworks */ = {isa = PBXBuildFile; fileRef = 0F821D212F0C0A9D002425AE /* CoreFoundation.framework */; };
/* End PBXBuildFile section */

/* Begin PBXCopyFilesBuildPhase section */
		0F821CC72F0ABD8C002425AE /* CopyFiles */ = {
			isa = PBXCopyFilesBuildPhase;
			buildActionMask = 12;
			dstPath = res/lesson2;
			dstSubfolderSpec = 16;
			files = (
			);
			runOnlyForDeploymentPostprocessing = 0;
		};
		0F821D052F0AC56A002425AE /* Embed Libraries */ = {
			isa = PBXCopyFilesBuildPhase;
			buildActionMask = 2147483647;
			dstPath = "";
			dstSubfolderSpec = 10;
			files = (
			);
			name = "Embed Libraries";
			runOnlyForDeploymentPostprocessing = 0;
		};
/* End PBXCopyFilesBuildPhase section */

/* Begin PBXFileReference section */
		0F821CC92F0ABD8C002425AE /* learnopenglagain */ = {isa = PBXFileReference; explicitFileType = "compiled.mach-o.executable"; includeInIndex = 0; path = learnopenglagain; sourceTree = BUILT_PRODUCTS_DIR; };
		0F821D1D2F0C0A8F002425AE /* IOKit.framework */ = {isa = PBXFileReference; lastKnownFileType = wrapper.framework; name = IOKit.framework; path = System/Library/Frameworks/IOKit.framework; sourceTree = SDKROOT; };
		0F821D1F2F0C0A94002425AE /* AppKit.framework */ = {isa = PBXFileReference; lastKnownFileType = wrapper.framework; name = AppKit.framework; path = System/Library/Frameworks/AppKit.framework; sourceTree = SDKROOT; };
		0F821D212F0C0A9D002425AE /* CoreFoundation.framework */ = {isa = PBXFileReference; lastKnownFileType = wrapper.framework; name = CoreFoundation.framework; path = System/Library/Frameworks/CoreFoundation.framework; sourceTree = SDKROOT; };
/* End PBXFileReference section */

/* Begin PBXFileSystemSynchronizedBuildFileExceptionSet section */
		0F821D1B2F0C09D2002425AE /* Exceptions for "learnopenglagain" folder in "learnopenglagain" target */ = {
			isa = PBXFileSystemSynchronizedBuildFileExceptionSet;
			attributesByRelativePath = {
				"thirdparty/glfw_3_4/lib-universal/libglfw3.a" = (Required, );
			};
			membershipExceptions = (
				"thirdparty/glfw_3_4/lib-universal/libglfw.3.dylib",
			);
			target = 0F821CC82F0ABD8C002425AE /* learnopenglagain */;
		};
/* End PBXFileSystemSynchronizedBuildFileExceptionSet section */

/* Begin PBXFileSystemSynchronizedGroupBuildPhaseMembershipExceptionSet section */
		0F821D062F0AC56A002425AE /* Exceptions for "learnopenglagain" folder in "Embed Libraries" phase from "learnopenglagain" target */ = {
			isa = PBXFileSystemSynchronizedGroupBuildPhaseMembershipExceptionSet;
			attributesByRelativePath = {
				"thirdparty/glfw_3_4/lib-universal/libglfw.3.dylib" = (CodeSignOnCopy, );
			};
			buildPhase = 0F821D052F0AC56A002425AE /* Embed Libraries */;
			membershipExceptions = (
				"thirdparty/glfw_3_4/lib-universal/libglfw.3.dylib",
			);
		};
		0F821D682F0CED97002425AE /* Exceptions for "learnopenglagain" folder in "Copy Files" phase from "learnopenglagain" target */ = {
			isa = PBXFileSystemSynchronizedGroupBuildPhaseMembershipExceptionSet;
			buildPhase = 0F821CC72F0ABD8C002425AE /* CopyFiles */;
			membershipExceptions = (
				res/lesson2/test_frag.glsl,
				res/lesson2/test_vert.glsl,
			);
		};
/* End PBXFileSystemSynchronizedGroupBuildPhaseMembershipExceptionSet section */

/* Begin PBXFileSystemSynchronizedRootGroup section */
		0F821CCB2F0ABD8C002425AE /* learnopenglagain */ = {
			isa = PBXFileSystemSynchronizedRootGroup;
			exceptions = (
				0F821D1B2F0C09D2002425AE /* Exceptions for "learnopenglagain" folder in "learnopenglagain" target */,
				0F821D682F0CED97002425AE /* Exceptions for "learnopenglagain" folder in "Copy Files" phase from "learnopenglagain" target */,
				0F821D062F0AC56A002425AE /* Exceptions for "learnopenglagain" folder in "Embed Libraries" phase from "learnopenglagain" target */,
			);
			path = learnopenglagain;
			sourceTree = "<group>";
		};
/* End PBXFileSystemSynchronizedRootGroup section */

/* Begin PBXFrameworksBuildPhase section */
		0F821CC62F0ABD8C002425AE /* Frameworks */ = {
			isa = PBXFrameworksBuildPhase;
			buildActionMask = 2147483647;
			files = (
				0F821D222F0C0A9D002425AE /* CoreFoundation.framework in Frameworks */,
				0F821D202F0C0A94002425AE /* AppKit.framework in Frameworks */,
				0F821D1E2F0C0A8F002425AE /* IOKit.framework in Frameworks */,
			);
			runOnlyForDeploymentPostprocessing = 0;
		};
/* End PBXFrameworksBuildPhase section */

/* Begin PBXGroup section */
		0F821CC02F0ABD8C002425AE = {
			isa = PBXGroup;
			children = (
				0F821CCB2F0ABD8C002425AE /* learnopenglagain */,
				0F821CF12F0AC10A002425AE /* Frameworks */,
				0F821CCA2F0ABD8C002425AE /* Products */,
			);
			sourceTree = "<group>";
		};
		0F821CCA2F0ABD8C002425AE /* Products */ = {
			isa = PBXGroup;
			children = (
				0F821CC92F0ABD8C002425AE /* learnopenglagain */,
			);
			name = Products;
			sourceTree = "<group>";
		};
		0F821CF12F0AC10A002425AE /* Frameworks */ = {
			isa = PBXGroup;
			children = (
				0F821D212F0C0A9D002425AE /* CoreFoundation.framework */,
				0F821D1F2F0C0A94002425AE /* AppKit.framework */,
				0F821D1D2F0C0A8F002425AE /* IOKit.framework */,
			);
			name = Frameworks;
			sourceTree = "<group>";
		};
/* End PBXGroup section */

/* Begin PBXNativeTarget section */
		0F821CC82F0ABD8C002425AE /* learnopenglagain */ = {
			isa = PBXNativeTarget;
			buildConfigurationList = 0F821CD02F0ABD8C002425AE /* Build configuration list for PBXNativeTarget "learnopenglagain" */;
			buildPhases = (
				0F821CC52F0ABD8C002425AE /* Sources */,
				0F821CC62F0ABD8C002425AE /* Frameworks */,
				0F821CC72F0ABD8C002425AE /* CopyFiles */,
				0F821D052F0AC56A002425AE /* Embed Libraries */,
			);
			buildRules = (
			);
			dependencies = (
			);
			fileSystemSynchronizedGroups = (
				0F821CCB2F0ABD8C002425AE /* learnopenglagain */,
			);
			name = learnopenglagain;
			packageProductDependencies = (
			);
			productName = learnopenglagain;
			productReference = 0F821CC92F0ABD8C002425AE /* learnopenglagain */;
			productType = "com.apple.product-type.tool";
		};
/* End PBXNativeTarget section */

/* Begin PBXProject section */
		0F821CC12F0ABD8C002425AE /* Project object */ = {
			isa = PBXProject;
			attributes = {
				BuildIndependentTargetsInParallel = 1;
				LastUpgradeCheck = 1620;
				TargetAttributes = {
					0F821CC82F0ABD8C002425AE = {
						CreatedOnToolsVersion = 16.2;
					};
				};
			};
			buildConfigurationList = 0F821CC42F0ABD8C002425AE /* Build configuration list for PBXProject "learnopenglagain" */;
			developmentRegion = en;
			hasScannedForEncodings = 0;
			knownRegions = (
				en,
				Base,
			);
			mainGroup = 0F821CC02F0ABD8C002425AE;
			minimizedProjectReferenceProxies = 1;
			preferredProjectObjectVersion = 77;
			productRefGroup = 0F821CCA2F0ABD8C002425AE /* Products */;
			projectDirPath = "";
			projectRoot = "";
			targets = (
				0F821CC82F0ABD8C002425AE /* learnopenglagain */,
			);
		};
/* End PBXProject section */

/* Begin PBXSourcesBuildPhase section */
		0F821CC52F0ABD8C002425AE /* Sources */ = {
			isa = PBXSourcesBuildPhase;
			buildActionMask = 2147483647;
			files = (
			);
			runOnlyForDeploymentPostprocessing = 0;
		};
/* End PBXSourcesBuildPhase section */

/* Begin XCBuildConfiguration section */
		0F821CCE2F0ABD8C002425AE /* Debug */ = {
			isa = XCBuildConfiguration;
			buildSettings = {
				ALWAYS_SEARCH_USER_PATHS = NO;
				ASSETCATALOG_COMPILER_GENERATE_SWIFT_ASSET_SYMBOL_EXTENSIONS = YES;
				CLANG_ANALYZER_NONNULL = YES;
				CLANG_ANALYZER_NUMBER_OBJECT_CONVERSION = YES_AGGRESSIVE;
				CLANG_CXX_LANGUAGE_STANDARD = "gnu++20";
				CLANG_ENABLE_MODULES = YES;
				CLANG_ENABLE_OBJC_ARC = YES;
				CLANG_ENABLE_OBJC_WEAK = YES;
				CLANG_WARN_BLOCK_CAPTURE_AUTORELEASING = YES;
				CLANG_WARN_BOOL_CONVERSION = YES;
				CLANG_WARN_COMMA = YES;
				CLANG_WARN_CONSTANT_CONVERSION = YES;
				CLANG_WARN_DEPRECATED_OBJC_IMPLEMENTATIONS = YES;
				CLANG_WARN_DIRECT_OBJC_ISA_USAGE = YES_ERROR;
				CLANG_WARN_DOCUMENTATION_COMMENTS = YES;
				CLANG_WARN_EMPTY_BODY = YES;
				CLANG_WARN_ENUM_CONVERSION = YES;
				CLANG_WARN_INFINITE_RECURSION = YES;
				CLANG_WARN_INT_CONVERSION = YES;
				CLANG_WARN_NON_LITERAL_NULL_CONVERSION = YES;
				CLANG_WARN_OBJC_IMPLICIT_RETAIN_SELF = YES;
				CLANG_WARN_OBJC_LITERAL_CONVERSION = YES;
				CLANG_WARN_OBJC_ROOT_CLASS = YES_ERROR;
				CLANG_WARN_QUOTED_INCLUDE_IN_FRAMEWORK_HEADER = YES;
				CLANG_WARN_RANGE_LOOP_ANALYSIS = YES;
				CLANG_WARN_STRICT_PROTOTYPES = YES;
				CLANG_WARN_SUSPICIOUS_MOVE = YES;
				CLANG_WARN_UNGUARDED_AVAILABILITY = YES_AGGRESSIVE;
				CLANG_WARN_UNREACHABLE_CODE = YES;
				CLANG_WARN__DUPLICATE_METHOD_MATCH = YES;
				COPY_PHASE_STRIP = NO;
				DEBUG_INFORMATION_FORMAT = dwarf;
				ENABLE_STRICT_OBJC_MSGSEND = YES;
				ENABLE_TESTABILITY = YES;
				ENABLE_USER_SCRIPT_SANDBOXING = YES;
				GCC_C_LANGUAGE_STANDARD = gnu17;
				GCC_DYNAMIC_NO_PIC = NO;
				GCC_NO_COMMON_BLOCKS = YES;
				GCC_OPTIMIZATION_LEVEL = 0;
				GCC_PREPROCESSOR_DEFINITIONS = (
					"DEBUG=1",
					"$(inherited)",
				);
				GCC_WARN_64_TO_32_BIT_CONVERSION = YES;
				GCC_WARN_ABOUT_RETURN_TYPE = YES_ERROR;
				GCC_WARN_UNDECLARED_SELECTOR = YES;
				GCC_WARN_UNINITIALIZED_AUTOS = YES_AGGRESSIVE;
				GCC_WARN_UNUSED_FUNCTION = YES;
				GCC_WARN_UNUSED_VARIABLE = YES;
				LOCALIZATION_PREFERS_STRING_CATALOGS = YES;
				MACOSX_DEPLOYMENT_TARGET = 15.1;
				MTL_ENABLE_DEBUG_INFO = INCLUDE_SOURCE;
				MTL_FAST_MATH = YES;
				ONLY_ACTIVE_ARCH = YES;
				SDKROOT = macosx;
			};
			name = Debug;
		};
		0F821CCF2F0ABD8C002425AE /* Release */ = {
			isa = XCBuildConfiguration;
			buildSettings = {
				ALWAYS_SEARCH_USER_PATHS = NO;
				ASSETCATALOG_COMPILER_GENERATE_SWIFT_ASSET_SYMBOL_EXTENSIONS = YES;
				CLANG_ANALYZER_NONNULL = YES;
				CLANG_ANALYZER_NUMBER_OBJECT_CONVERSION = YES_AGGRESSIVE;
				CLANG_CXX_LANGUAGE_STANDARD = "gnu++20";
				CLANG_ENABLE_MODULES = YES;
				CLANG_ENABLE_OBJC_ARC = YES;
				CLANG_ENABLE_OBJC_WEAK = YES;
				CLANG_WARN_BLOCK_CAPTURE_AUTORELEASING = YES;
				CLANG_WARN_BOOL_CONVERSION = YES;
				CLANG_WARN_COMMA = YES;
				CLANG_WARN_CONSTANT_CONVERSION = YES;
				CLANG_WARN_DEPRECATED_OBJC_IMPLEMENTATIONS = YES;
				CLANG_WARN_DIRECT_OBJC_ISA_USAGE = YES_ERROR;
				CLANG_WARN_DOCUMENTATION_COMMENTS = YES;
				CLANG_WARN_EMPTY_BODY = YES;
				CLANG_WARN_ENUM_CONVERSION = YES;
				CLANG_WARN_INFINITE_RECURSION = YES;
				CLANG_WARN_INT_CONVERSION = YES;
				CLANG_WARN_NON_LITERAL_NULL_CONVERSION = YES;
				CLANG_WARN_OBJC_IMPLICIT_RETAIN_SELF = YES;
				CLANG_WARN_OBJC_LITERAL_CONVERSION = YES;
				CLANG_WARN_OBJC_ROOT_CLASS = YES_ERROR;
				CLANG_WARN_QUOTED_INCLUDE_IN_FRAMEWORK_HEADER = YES;
				CLANG_WARN_RANGE_LOOP_ANALYSIS = YES;
				CLANG_WARN_STRICT_PROTOTYPES = YES;
				CLANG_WARN_SUSPICIOUS_MOVE = YES;
				CLANG_WARN_UNGUARDED_AVAILABILITY = YES_AGGRESSIVE;
				CLANG_WARN_UNREACHABLE_CODE = YES;
				CLANG_WARN__DUPLICATE_METHOD_MATCH = YES;
				COPY_PHASE_STRIP = NO;
				DEBUG_INFORMATION_FORMAT = "dwarf-with-dsym";
				ENABLE_NS_ASSERTIONS = NO;
				ENABLE_STRICT_OBJC_MSGSEND = YES;
				ENABLE_USER_SCRIPT_SANDBOXING = YES;
				GCC_C_LANGUAGE_STANDARD = gnu17;
				GCC_NO_COMMON_BLOCKS = YES;
				GCC_WARN_64_TO_32_BIT_CONVERSION = YES;
				GCC_WARN_ABOUT_RETURN_TYPE = YES_ERROR;
				GCC_WARN_UNDECLARED_SELECTOR = YES;
				GCC_WARN_UNINITIALIZED_AUTOS = YES_AGGRESSIVE;
				GCC_WARN_UNUSED_FUNCTION = YES;
				GCC_WARN_UNUSED_VARIABLE = YES;
				LOCALIZATION_PREFERS_STRING_CATALOGS = YES;
				MACOSX_DEPLOYMENT_TARGET = 15.1;
				MTL_ENABLE_DEBUG_INFO = NO;
				MTL_FAST_MATH = YES;
				SDKROOT = macosx;
			};
			name = Release;
		};
		0F821CD12F0ABD8C002425AE /* Debug */ = {
			isa = XCBuildConfiguration;
			buildSettings = {
				CODE_SIGN_STYLE = Automatic;
				DEVELOPMENT_TEAM = T282937CB5;
				ENABLE_HARDENED_RUNTIME = YES;
				HEADER_SEARCH_PATHS = (
					learnopenglagain/thirdparty/glfw_3_4/include,
					learnopenglagain/thirdparty/glad/include,
				);
				LIBRARY_SEARCH_PATHS = (
					"$(inherited)",
					"$(PROJECT_DIR)/learnopenglagain/thirdparty/glfw_3_4/lib-universal",
				);
				PRODUCT_NAME = "$(TARGET_NAME)";
			};
			name = Debug;
		};
		0F821CD22F0ABD8C002425AE /* Release */ = {
			isa = XCBuildConfiguration;
			buildSettings = {
				CODE_SIGN_STYLE = Automatic;
				DEVELOPMENT_TEAM = T282937CB5;
				ENABLE_HARDENED_RUNTIME = YES;
				HEADER_SEARCH_PATHS = (
					learnopenglagain/thirdparty/glfw_3_4/include,
					learnopenglagain/thirdparty/glad/include,
				);
				LIBRARY_SEARCH_PATHS = (
					"$(inherited)",
					"$(PROJECT_DIR)/learnopenglagain/thirdparty/glfw_3_4/lib-universal",
				);
				PRODUCT_NAME = "$(TARGET_NAME)";
			};
			name = Release;
		};
/* End XCBuildConfiguration section */

/* Begin XCConfigurationList section */
		0F821CC42F0ABD8C002425AE /* Build configuration list for PBXProject "learnopenglagain" */ = {
			isa = XCConfigurationList;
			buildConfigurations = (
				0F821CCE2F0ABD8C002425AE /* Debug */,
				0F821CCF2F0ABD8C002425AE /* Release */,
			);
			defaultConfigurationIsVisible = 0;
			defaultConfigurationName = Release;
		};
		0F821CD02F0ABD8C002425AE /* Build configuration list for PBXNativeTarget "learnopenglagain" */ = {
			isa = XCConfigurationList;
			buildConfigurations = (
				0F821CD12F0ABD8C002425AE /* Debug */,
				0F821CD22F0ABD8C002425AE /* Release */,
			);
			defaultConfigurationIsVisible = 0;
			defaultConfigurationName = Release;
		};
/* End XCConfigurationList section */
	};
	rootObject = 0F821CC12F0ABD8C002425AE /* Project object */;
}
