<?xml version="1.0" encoding="utf-8"?>
<Project ToolsVersion="4.0" xmlns="http://schemas.microsoft.com/developer/msbuild/2003">
  <ItemGroup>
    <Filter Include="Source Files">
      <UniqueIdentifier>{4FC737F1-C7A5-4376-A066-2A32D752A2FF}</UniqueIdentifier>
      <Extensions>cpp;c;cc;cxx;c++;cppm;ixx;def;odl;idl;hpj;bat;asm;asmx</Extensions>
    </Filter>
    <Filter Include="Header Files">
      <UniqueIdentifier>{93995380-89BD-4b04-88EB-625FBE52EBFB}</UniqueIdentifier>
      <Extensions>h;hh;hpp;hxx;h++;hm;inl;inc;ipp;xsd</Extensions>
    </Filter>
    <Filter Include="Source Files\Scene">
      <UniqueIdentifier>{c3b60080-c2ab-4671-a0ed-1123fbed6acc}</UniqueIdentifier>
    </Filter>
    <Filter Include="Source Files\Common">
      <UniqueIdentifier>{ef6864bf-7399-4c28-a511-389d660b0508}</UniqueIdentifier>
    </Filter>
    <Filter Include="res">
      <UniqueIdentifier>{5ffd68bc-f27d-4efc-a7e6-b0b4fa5499f8}</UniqueIdentifier>
    </Filter>
    <Filter Include="res\lesson4">
      <UniqueIdentifier>{cee91ec5-4d11-45fb-b0fc-a0c15d98267a}</UniqueIdentifier>
    </Filter>
    <Filter Include="res\lesson5">
      <UniqueIdentifier>{c563dba1-ff21-4a28-9f61-e9747695257a}</UniqueIdentifier>
    </Filter>
    <Filter Include="Header Files\Common">
      <UniqueIdentifier>{8ef79cbf-c43a-4fe1-b5b0-a2d36d8338a4}</UniqueIdentifier>
    </Filter>
    <Filter Include="Header Files\Scene">
      <UniqueIdentifier>{33832b94-6071-4932-9ff9-1c9193ca5c2b}</UniqueIdentifier>
    </Filter>
    <Filter Include="ThirdParty">
      <UniqueIdentifier>{eba0485c-ce2b-429c-a45c-1d6bd5c9fdc4}</UniqueIdentifier>
    </Filter>
    <Filter Include="ThirdParty\glad">
      <UniqueIdentifier>{29a33140-2612-4682-a4c2-9c26d9dedab7}</UniqueIdentifier>
    </Filter>
    <Filter Include="res\lesson6">
      <UniqueIdentifier>{ffa7f04c-5d3d-4f0c-a7f7-f403fa6aecf4}</UniqueIdentifier>
    </Filter>
    <Filter Include="res\common">
      <UniqueIdentifier>{804c631e-e359-4afa-abfd-70998d3acaa7}</UniqueIdentifier>
    </Filter>
    <Filter Include="res\lesson7">
      <UniqueIdentifier>{0a3360e0-4193-4754-8e6b-81dfeb3700de}</UniqueIdentifier>
    </Filter>
    <Filter Include="res\lesson9">
      <UniqueIdentifier>{7b679358-dfeb-4656-bcd4-495cd57faf89}</UniqueIdentifier>
    </Filter>
  </ItemGroup>
  <ItemGroup>
    <ClCompile Include="..\..\learnopenglagain\source\main.cpp">
      <Filter>Source Files</Filter>
    </ClCompile>
    <ClCompile Include="..\..\learnopenglagain\source\Scene\BaseScene.cpp">
      <Filter>Source Files\Scene</Filter>
    </ClCompile>
    <ClCompile Include="..\..\learnopenglagain\source\Scene\Lesson1.cpp">
      <Filter>Source Files\Scene</Filter>
    </ClCompile>
    <ClCompile Include="..\..\learnopenglagain\source\Scene\Lesson2.cpp">
      <Filter>Source Files\Scene</Filter>
    </ClCompile>
    <ClCompile Include="..\..\learnopenglagain\source\Scene\Lesson3.cpp">
      <Filter>Source Files\Scene</Filter>
    </ClCompile>
    <ClCompile Include="..\..\learnopenglagain\source\Common\ShaderFileReader.cpp">
      <Filter>Source Files\Common</Filter>
    </ClCompile>
    <ClCompile Include="..\..\learnopenglagain\source\Common\ShaderProgram.cpp">
      <Filter>Source Files\Common</Filter>
    </ClCompile>
    <ClCompile Include="..\..\learnopenglagain\source\Common\Texture2D.cpp">
      <Filter>Source Files\Common</Filter>
    </ClCompile>
    <ClCompile Include="..\..\learnopenglagain\thirdparty\glad\src\glad.c">
      <Filter>ThirdParty\glad</Filter>
    </ClCompile>
    <ClCompile Include="..\..\learnopenglagain\source\Scene\Lesson4.cpp">
      <Filter>Source Files\Scene</Filter>
    </ClCompile>
    <ClCompile Include="..\..\learnopenglagain\source\Scene\Lesson5.cpp">
      <Filter>Source Files\Scene</Filter>
    </ClCompile>
    <ClCompile Include="..\..\learnopenglagain\source\Scene\Lesson6.cpp">
      <Filter>Source Files\Scene</Filter>
    </ClCompile>
    <ClCompile Include="..\..\learnopenglagain\source\Scene\Lesson8.cpp">
      <Filter>Source Files\Scene</Filter>
    </ClCompile>
    <ClCompile Include="..\..\learnopenglagain\source\Scene\Lesson7.cpp">
      <Filter>Source Files\Scene</Filter>
    </ClCompile>
    <ClCompile Include="..\..\learnopenglagain\source\Common\Camera.cpp">
      <Filter>Source Files\Common</Filter>
    </ClCompile>
    <ClCompile Include="..\..\learnopenglagain\source\Scene\Lesson9.cpp">
      <Filter>Source Files\Scene</Filter>
    </ClCompile>
  </ItemGroup>
  <ItemGroup>
    <ClInclude Include="..\..\learnopenglagain\thirdparty\glad\include\glad\glad.h">
      <Filter>ThirdParty\glad</Filter>
    </ClInclude>
    <ClInclude Include="..\..\learnopenglagain\thirdparty\glad\include\KHR\khrplatform.h">
      <Filter>ThirdParty\glad</Filter>
    </ClInclude>
    <ClInclude Include="..\..\learnopenglagain\source\Common\ShaderFileReader.h">
      <Filter>Header Files\Common</Filter>
    </ClInclude>
    <ClInclude Include="..\..\learnopenglagain\source\Common\ShaderProgram.h">
      <Filter>Header Files\Common</Filter>
    </ClInclude>
    <ClInclude Include="..\..\learnopenglagain\source\Common\Texture2D.h">
      <Filter>Header Files\Common</Filter>
    </ClInclude>
    <ClInclude Include="..\..\learnopenglagain\source\Scene\BaseScene.h">
      <Filter>Header Files\Scene</Filter>
    </ClInclude>
    <ClInclude Include="..\..\learnopenglagain\source\Scene\Lesson1.h">
      <Filter>Header Files\Scene</Filter>
    </ClInclude>
    <ClInclude Include="..\..\learnopenglagain\source\Scene\Lesson2.h">
      <Filter>Header Files\Scene</Filter>
    </ClInclude>
    <ClInclude Include="..\..\learnopenglagain\source\Scene\Lesson3.h">
      <Filter>Header Files\Scene</Filter>
    </ClInclude>
    <ClInclude Include="..\..\learnopenglagain\source\Scene\Lesson4.h">
      <Filter>Header Files\Scene</Filter>
    </ClInclude>
    <ClInclude Include="..\..\learnopenglagain\source\Scene\Lesson5.h">
      <Filter>Header Files\Scene</Filter>
    </ClInclude>
    <ClInclude Include="..\..\learnopenglagain\source\Scene\Lesson6.h">
      <Filter>Header Files\Scene</Filter>
    </ClInclude>
    <ClInclude Include="..\..\learnopenglagain\source\Scene\Lesson7.h">
      <Filter>Header Files\Scene</Filter>
    </ClInclude>
    <ClInclude Include="..\..\learnopenglagain\source\Scene\Lesson8.h">
      <Filter>Header Files\Scene</Filter>
    </ClInclude>
    <ClInclude Include="..\..\learnopenglagain\source\Common\Camera.h">
      <Filter>Header Files\Common</Filter>
    </ClInclude>
    <ClInclude Include="..\..\learnopenglagain\source\Scene\Lesson9.h">
      <Filter>Header Files\Scene</Filter>
    </ClInclude>
  </ItemGroup>
  <ItemGroup>
    <None Include="..\..\learnopenglagain\res\lesson4\vert.glsl">
      <Filter>res\lesson4</Filter>
    </None>
    <None Include="..\..\learnopenglagain\res\lesson4\frag.glsl">
      <Filter>res\lesson4</Filter>
    </None>
    <None Include="..\..\learnopenglagain\res\lesson5\frag.glsl">
      <Filter>res\lesson5</Filter>
    </None>
    <None Include="..\..\learnopenglagain\res\lesson5\vert.glsl">
      <Filter>res\lesson5</Filter>
    </None>
    <None Include="..\..\learnopenglagain\res\lesson6\vert.glsl">
      <Filter>res\lesson6</Filter>
    </None>
    <None Include="..\..\learnopenglagain\res\lesson6\frag.glsl">
      <Filter>res\lesson6</Filter>
    </None>
    <None Include="..\..\learnopenglagain\res\lesson7\frag.glsl">
      <Filter>res\lesson7</Filter>
    </None>
    <None Include="..\..\learnopenglagain\res\lesson7\vert.glsl">
      <Filter>res\lesson7</Filter>
    </None>
    <None Include="..\..\learnopenglagain\res\lesson9\color_object_frag.glsl">
      <Filter>res\lesson9</Filter>
    </None>
    <None Include="..\..\learnopenglagain\res\lesson9\color_object_vert.glsl">
      <Filter>res\lesson9</Filter>
    </None>
    <None Include="..\..\learnopenglagain\res\lesson9\light_frag.glsl">
      <Filter>res\lesson9</Filter>
    </None>
    <None Include="..\..\learnopenglagain\res\lesson9\light_vert.glsl">
      <Filter>res\lesson9</Filter>
    </None>
  </ItemGroup>
  <ItemGroup>
    <Image Include="..\..\learnopenglagain\res\lesson5\awesomeface.png">
      <Filter>res\lesson5</Filter>
    </Image>
    <Image Include="..\..\learnopenglagain\res\lesson5\container.jpg">
      <Filter>res\lesson5</Filter>
    </Image>
    <Image Include="..\..\learnopenglagain\res\common\wall.jpg">
      <Filter>res\common</Filter>
    </Image>
    <Image Include="..\..\learnopenglagain\res\common\awesomeface.png">
      <Filter>res\common</Filter>
    </Image>
    <Image Include="..\..\learnopenglagain\res\common\container.jpg">
      <Filter>res\common</Filter>
    </Image>
  </ItemGroup>
</Project>